PODS:
  - AMap3DMap (3.3.2)
  - AMapLocation (1.2.2)
  - AMapSearch (3.3.0)

DEPENDENCIES:
  - AMap3DMap (~> 3.3.2)
  - AMapLocation (~> 1.2.2)
  - AMapSearch (~> 3.3.0)

SPEC CHECKSUMS:
  AMap3DMap: 6315b7489cb60b1c47bb51169b409c20efa5f527
  AMapLocation: 5412fbf0385716d4d481e39a95929057cddc093f
  AMapSearch: cff4faf59c007f7d1f2bae2d7170c3912783981a

PODFILE CHECKSUM: c9b5102dc12aceae31712de5131d9adb0a50f687

COCOAPODS: 1.0.1
